
Microsoft Visual Studio Solution File, Format Version 12.00
# Visual Studio Version 17
VisualStudioVersion = 17.14.36408.4
MinimumVisualStudioVersion = 10.0.40219.1
Project("{8BC9CEB8-8B4A-11D0-8D11-00A0C91BC942}") = "task01", "task01\task01.vcxproj", "{F31DBC12-72F1-4D87-A150-BD393E9F8340}"
EndProject
Project("{8BC9CEB8-8B4A-11D0-8D11-00A0C91BC942}") = "task02", "task02\task02.vcxproj", "{C75E46E9-98FA-47BA-A661-5909336364BC}"
EndProject
Project("{8BC9CEB8-8B4A-11D0-8D11-00A0C91BC942}") = "task03", "task03\task03.vcxproj", "{6DC0D682-6702-4DBF-948A-6B155989FAB5}"
EndProject
Project("{8BC9CEB8-8B4A-11D0-8D11-00A0C91BC942}") = "task04", "task04\task04.vcxproj", "{CD24DA93-C7F4-4044-99D7-092F914E8DB9}"
EndProject
Global
	GlobalSection(SolutionConfigurationPlatforms) = preSolution
		Debug|x64 = Debug|x64
		Debug|x86 = Debug|x86
		Release|x64 = Release|x64
		Release|x86 = Release|x86
	EndGlobalSection
	GlobalSection(ProjectConfigurationPlatforms) = postSolution
		{F31DBC12-72F1-4D87-A150-BD393E9F8340}.Debug|x64.ActiveCfg = Debug|x64
		{F31DBC12-72F1-4D87-A150-BD393E9F8340}.Debug|x64.Build.0 = Debug|x64
		{F31DBC12-72F1-4D87-A150-BD393E9F8340}.Debug|x86.ActiveCfg = Debug|Win32
		{F31DBC12-72F1-4D87-A150-BD393E9F8340}.Debug|x86.Build.0 = Debug|Win32
		{F31DBC12-72F1-4D87-A150-BD393E9F8340}.Release|x64.ActiveCfg = Release|x64
		{F31DBC12-72F1-4D87-A150-BD393E9F8340}.Release|x64.Build.0 = Release|x64
		{F31DBC12-72F1-4D87-A150-BD393E9F8340}.Release|x86.ActiveCfg = Release|Win32
		{F31DBC12-72F1-4D87-A150-BD393E9F8340}.Release|x86.Build.0 = Release|Win32
		{C75E46E9-98FA-47BA-A661-5909336364BC}.Debug|x64.ActiveCfg = Debug|x64
		{C75E46E9-98FA-47BA-A661-5909336364BC}.Debug|x64.Build.0 = Debug|x64
		{C75E46E9-98FA-47BA-A661-5909336364BC}.Debug|x86.ActiveCfg = Debug|Win32
		{C75E46E9-98FA-47BA-A661-5909336364BC}.Debug|x86.Build.0 = Debug|Win32
		{C75E46E9-98FA-47BA-A661-5909336364BC}.Release|x64.ActiveCfg = Release|x64
		{C75E46E9-98FA-47BA-A661-5909336364BC}.Release|x64.Build.0 = Release|x64
		{C75E46E9-98FA-47BA-A661-5909336364BC}.Release|x86.ActiveCfg = Release|Win32
		{C75E46E9-98FA-47BA-A661-5909336364BC}.Release|x86.Build.0 = Release|Win32
		{6DC0D682-6702-4DBF-948A-6B155989FAB5}.Debug|x64.ActiveCfg = Debug|x64
		{6DC0D682-6702-4DBF-948A-6B155989FAB5}.Debug|x64.Build.0 = Debug|x64
		{6DC0D682-6702-4DBF-948A-6B155989FAB5}.Debug|x86.ActiveCfg = Debug|Win32
		{6DC0D682-6702-4DBF-948A-6B155989FAB5}.Debug|x86.Build.0 = Debug|Win32
		{6DC0D682-6702-4DBF-948A-6B155989FAB5}.Release|x64.ActiveCfg = Release|x64
		{6DC0D682-6702-4DBF-948A-6B155989FAB5}.Release|x64.Build.0 = Release|x64
		{6DC0D682-6702-4DBF-948A-6B155989FAB5}.Release|x86.ActiveCfg = Release|Win32
		{6DC0D682-6702-4DBF-948A-6B155989FAB5}.Release|x86.Build.0 = Release|Win32
		{CD24DA93-C7F4-4044-99D7-092F914E8DB9}.Debug|x64.ActiveCfg = Debug|x64
		{CD24DA93-C7F4-4044-99D7-092F914E8DB9}.Debug|x64.Build.0 = Debug|x64
		{CD24DA93-C7F4-4044-99D7-092F914E8DB9}.Debug|x86.ActiveCfg = Debug|Win32
		{CD24DA93-C7F4-4044-99D7-092F914E8DB9}.Debug|x86.Build.0 = Debug|Win32
		{CD24DA93-C7F4-4044-99D7-092F914E8DB9}.Release|x64.ActiveCfg = Release|x64
		{CD24DA93-C7F4-4044-99D7-092F914E8DB9}.Release|x64.Build.0 = Release|x64
		{CD24DA93-C7F4-4044-99D7-092F914E8DB9}.Release|x86.ActiveCfg = Release|Win32
		{CD24DA93-C7F4-4044-99D7-092F914E8DB9}.Release|x86.Build.0 = Release|Win32
	EndGlobalSection
	GlobalSection(SolutionProperties) = preSolution
		HideSolutionNode = FALSE
	EndGlobalSection
	GlobalSection(ExtensibilityGlobals) = postSolution
		SolutionGuid = {5F486597-3865-4C8B-B14E-A9E1BBBDF5DE}
	EndGlobalSection
EndGlobal
